Microsoft Visual Studio Solution File, Format Version 12.00
# Visual Studio 2012
Project("{8BC9CEB8-8B4A-11D0-8D11-00A0C91BC942}") = "fasta-redux-generic", "fasta-redux-generic\fasta-redux-generic.vcxproj", "{50ADFA47-F328-4C4C-82AC-3577CD236F1A}"
EndProject
Project("{8BC9CEB8-8B4A-11D0-8D11-00A0C91BC942}") = "fasta-redux-optimized", "fasta-redux-optimized\fasta-redux-optimized.vcxproj", "{22941814-5A50-40D6-9FD3-4C19184C768D}"
EndProject
Project("{8BC9CEB8-8B4A-11D0-8D11-00A0C91BC942}") = "nbody-generic", "n-body-generic\n-body-generic.vcxproj", "{B7B0BCDF-2702-44FD-9D0B-35A26BC69B69}"
EndProject
Project("{8BC9CEB8-8B4A-11D0-8D11-00A0C91BC942}") = "spectral-norm-generic", "spectral-norm-generic\spectral-norm-generic.vcxproj", "{A2DDBAAB-BEC4-4A5A-A7BE-10C5C78E1AEA}"
EndProject
Project("{8BC9CEB8-8B4A-11D0-8D11-00A0C91BC942}") = "test-generic", "test-generic\test-generic.vcxproj", "{3BC8C81F-5CE1-4682-BCAF-37AB1C495A25}"
EndProject
Project("{8BC9CEB8-8B4A-11D0-8D11-00A0C91BC942}") = "reverse-complement-generic", "reverse-complement-generic\reverse-complement-generic.vcxproj", "{7BCEE3F2-FBBA-4094-ACA1-F5CD04FB0859}"
EndProject
Project("{8BC9CEB8-8B4A-11D0-8D11-00A0C91BC942}") = "fasta-combo-generic", "fasta-combo-generic\fasta-combo-generic.vcxproj", "{FE97416D-CFF6-4447-966F-4111AA750D15}"
EndProject
Global
	GlobalSection(SolutionConfigurationPlatforms) = preSolution
		Debug|Win32 = Debug|Win32
		Release|Win32 = Release|Win32
	EndGlobalSection
	GlobalSection(ProjectConfigurationPlatforms) = postSolution
		{50ADFA47-F328-4C4C-82AC-3577CD236F1A}.Debug|Win32.ActiveCfg = Debug|Win32
		{50ADFA47-F328-4C4C-82AC-3577CD236F1A}.Debug|Win32.Build.0 = Debug|Win32
		{50ADFA47-F328-4C4C-82AC-3577CD236F1A}.Debug|Win32.Deploy.0 = Debug|Win32
		{50ADFA47-F328-4C4C-82AC-3577CD236F1A}.Release|Win32.ActiveCfg = Release|Win32
		{50ADFA47-F328-4C4C-82AC-3577CD236F1A}.Release|Win32.Build.0 = Release|Win32
		{50ADFA47-F328-4C4C-82AC-3577CD236F1A}.Release|Win32.Deploy.0 = Release|Win32
		{22941814-5A50-40D6-9FD3-4C19184C768D}.Debug|Win32.ActiveCfg = Debug|Win32
		{22941814-5A50-40D6-9FD3-4C19184C768D}.Debug|Win32.Build.0 = Debug|Win32
		{22941814-5A50-40D6-9FD3-4C19184C768D}.Debug|Win32.Deploy.0 = Debug|Win32
		{22941814-5A50-40D6-9FD3-4C19184C768D}.Release|Win32.ActiveCfg = Release|Win32
		{22941814-5A50-40D6-9FD3-4C19184C768D}.Release|Win32.Build.0 = Release|Win32
		{22941814-5A50-40D6-9FD3-4C19184C768D}.Release|Win32.Deploy.0 = Release|Win32
		{B7B0BCDF-2702-44FD-9D0B-35A26BC69B69}.Debug|Win32.ActiveCfg = Debug|Win32
		{B7B0BCDF-2702-44FD-9D0B-35A26BC69B69}.Debug|Win32.Build.0 = Debug|Win32
		{B7B0BCDF-2702-44FD-9D0B-35A26BC69B69}.Debug|Win32.Deploy.0 = Debug|Win32
		{B7B0BCDF-2702-44FD-9D0B-35A26BC69B69}.Release|Win32.ActiveCfg = Release|Win32
		{B7B0BCDF-2702-44FD-9D0B-35A26BC69B69}.Release|Win32.Build.0 = Release|Win32
		{B7B0BCDF-2702-44FD-9D0B-35A26BC69B69}.Release|Win32.Deploy.0 = Release|Win32
		{A2DDBAAB-BEC4-4A5A-A7BE-10C5C78E1AEA}.Debug|Win32.ActiveCfg = Debug|Win32
		{A2DDBAAB-BEC4-4A5A-A7BE-10C5C78E1AEA}.Debug|Win32.Build.0 = Debug|Win32
		{A2DDBAAB-BEC4-4A5A-A7BE-10C5C78E1AEA}.Debug|Win32.Deploy.0 = Debug|Win32
		{A2DDBAAB-BEC4-4A5A-A7BE-10C5C78E1AEA}.Release|Win32.ActiveCfg = Release|Win32
		{A2DDBAAB-BEC4-4A5A-A7BE-10C5C78E1AEA}.Release|Win32.Build.0 = Release|Win32
		{A2DDBAAB-BEC4-4A5A-A7BE-10C5C78E1AEA}.Release|Win32.Deploy.0 = Release|Win32
		{3BC8C81F-5CE1-4682-BCAF-37AB1C495A25}.Debug|Win32.ActiveCfg = Debug|Win32
		{3BC8C81F-5CE1-4682-BCAF-37AB1C495A25}.Debug|Win32.Build.0 = Debug|Win32
		{3BC8C81F-5CE1-4682-BCAF-37AB1C495A25}.Debug|Win32.Deploy.0 = Debug|Win32
		{3BC8C81F-5CE1-4682-BCAF-37AB1C495A25}.Release|Win32.ActiveCfg = Release|Win32
		{3BC8C81F-5CE1-4682-BCAF-37AB1C495A25}.Release|Win32.Build.0 = Release|Win32
		{3BC8C81F-5CE1-4682-BCAF-37AB1C495A25}.Release|Win32.Deploy.0 = Release|Win32
		{7BCEE3F2-FBBA-4094-ACA1-F5CD04FB0859}.Debug|Win32.ActiveCfg = Debug|Win32
		{7BCEE3F2-FBBA-4094-ACA1-F5CD04FB0859}.Debug|Win32.Build.0 = Debug|Win32
		{7BCEE3F2-FBBA-4094-ACA1-F5CD04FB0859}.Debug|Win32.Deploy.0 = Debug|Win32
		{7BCEE3F2-FBBA-4094-ACA1-F5CD04FB0859}.Release|Win32.ActiveCfg = Release|Win32
		{7BCEE3F2-FBBA-4094-ACA1-F5CD04FB0859}.Release|Win32.Build.0 = Release|Win32
		{7BCEE3F2-FBBA-4094-ACA1-F5CD04FB0859}.Release|Win32.Deploy.0 = Release|Win32
		{FE97416D-CFF6-4447-966F-4111AA750D15}.Debug|Win32.ActiveCfg = Debug|Win32
		{FE97416D-CFF6-4447-966F-4111AA750D15}.Debug|Win32.Build.0 = Debug|Win32
		{FE97416D-CFF6-4447-966F-4111AA750D15}.Debug|Win32.Deploy.0 = Debug|Win32
		{FE97416D-CFF6-4447-966F-4111AA750D15}.Release|Win32.ActiveCfg = Release|Win32
		{FE97416D-CFF6-4447-966F-4111AA750D15}.Release|Win32.Build.0 = Release|Win32
		{FE97416D-CFF6-4447-966F-4111AA750D15}.Release|Win32.Deploy.0 = Release|Win32
	EndGlobalSection
	GlobalSection(SolutionProperties) = preSolution
		HideSolutionNode = FALSE
	EndGlobalSection
EndGlobal
