Microsoft Visual Studio Solution File, Format Version 12.00
# Visual Studio 2012
Project("{8BC9CEB8-8B4A-11D0-8D11-00A0C91BC942}") = "fasta-redux-generic", "fasta-redux-generic\fasta-redux-generic.vcxproj", "{50ADFA47-F328-4C4C-82AC-3577CD236F1A}"
EndProject
Project("{8BC9CEB8-8B4A-11D0-8D11-00A0C91BC942}") = "fasta-redux-optimized", "fasta-redux-optimized\fasta-redux-optimized.vcxproj", "{22941814-5A50-40D6-9FD3-4C19184C768D}"
EndProject
Project("{8BC9CEB8-8B4A-11D0-8D11-00A0C91BC942}") = "nbody-generic", "n-body-generic\n-body-generic.vcxproj", "{B7B0BCDF-2702-44FD-9D0B-35A26BC69B69}"
EndProject
Project("{8BC9CEB8-8B4A-11D0-8D11-00A0C91BC942}") = "spectral-norm-generic", "spectral-norm-generic\spectral-norm-generic.vcxproj", "{A2DDBAAB-BEC4-4A5A-A7BE-10C5C78E1AEA}"
EndProject
Project("{8BC9CEB8-8B4A-11D0-8D11-00A0C91BC942}") = "test-generic", "test-generic\test-generic.vcxproj", "{3BC8C81F-5CE1-4682-BCAF-37AB1C495A25}"
EndProject
Project("{8BC9CEB8-8B4A-11D0-8D11-00A0C91BC942}") = "reverse-complement-generic", "reverse-complement-generic\reverse-complement-generic.vcxproj", "{7BCEE3F2-FBBA-4094-ACA1-F5CD04FB0859}"
EndProject
Project("{8BC9CEB8-8B4A-11D0-8D11-00A0C91BC942}") = "fasta-combo-generic", "fasta-combo-generic\fasta-combo-generic.vcxproj", "{FE97416D-CFF6-4447-966F-4111AA750D15}"
EndProject
Project("{8BC9CEB8-8B4A-11D0-8D11-00A0C91BC942}") = "mandelbrot-generic", "mandelbrot-generic\mandelbrot-generic.vcxproj", "{CDE8A087-43EB-4F3D-9A08-FB0BB982B28F}"
EndProject
Project("{8BC9CEB8-8B4A-11D0-8D11-00A0C91BC942}") = "mandelbrot-optimized", "mandelbrot-optimized\mandelbrot-optimized.vcxproj", "{ED340F12-4074-4F99-8380-049F4FBF1874}"
EndProject
Project("{8BC9CEB8-8B4A-11D0-8D11-00A0C91BC942}") = "fannkuch-redux-generic", "fannkuch-redux-generic\fannkuch-redux-generic.vcxproj", "{6658C1FA-B63F-41C7-8D2E-3898BA61A04D}"
EndProject
Project("{8BC9CEB8-8B4A-11D0-8D11-00A0C91BC942}") = "fannkuch-redux-optimized", "fannkuch-redux-optimized\fannkuch-redux-optimized.vcxproj", "{CCCB5CA3-43FC-4061-81A7-824142F2AD14}"
EndProject
Project("{8BC9CEB8-8B4A-11D0-8D11-00A0C91BC942}") = "meteor-contest-generic", "meteor-contest-generic\meteor-contest-generic.vcxproj", "{F42E9B85-38ED-4B9E-8A9E-FA0034FA06B1}"
EndProject
Project("{8BC9CEB8-8B4A-11D0-8D11-00A0C91BC942}") = "regex-dna-generic", "regex-dna-generic\regex-dna-generic.vcxproj", "{56C7F138-DC8E-4B5C-8F15-8D4141EA972A}"
EndProject
Project("{8BC9CEB8-8B4A-11D0-8D11-00A0C91BC942}") = "binary-trees-generic", "binary-trees-generic\binary-trees-generic.vcxproj", "{4338815C-5D77-40E6-9464-74E2C127EF3A}"
EndProject
Project("{8BC9CEB8-8B4A-11D0-8D11-00A0C91BC942}") = "binary-trees-optimized", "binary-trees-optimized\binary-trees-optimized.vcxproj", "{AAFE00F1-4979-4CF7-8B97-5309760B538E}"
EndProject
Global
	GlobalSection(SolutionConfigurationPlatforms) = preSolution
		Debug|Win32 = Debug|Win32
		Release|Win32 = Release|Win32
	EndGlobalSection
	GlobalSection(ProjectConfigurationPlatforms) = postSolution
		{50ADFA47-F328-4C4C-82AC-3577CD236F1A}.Debug|Win32.ActiveCfg = Debug|Win32
		{50ADFA47-F328-4C4C-82AC-3577CD236F1A}.Debug|Win32.Build.0 = Debug|Win32
		{50ADFA47-F328-4C4C-82AC-3577CD236F1A}.Debug|Win32.Deploy.0 = Debug|Win32
		{50ADFA47-F328-4C4C-82AC-3577CD236F1A}.Release|Win32.ActiveCfg = Release|Win32
		{50ADFA47-F328-4C4C-82AC-3577CD236F1A}.Release|Win32.Build.0 = Release|Win32
		{50ADFA47-F328-4C4C-82AC-3577CD236F1A}.Release|Win32.Deploy.0 = Release|Win32
		{22941814-5A50-40D6-9FD3-4C19184C768D}.Debug|Win32.ActiveCfg = Debug|Win32
		{22941814-5A50-40D6-9FD3-4C19184C768D}.Debug|Win32.Build.0 = Debug|Win32
		{22941814-5A50-40D6-9FD3-4C19184C768D}.Debug|Win32.Deploy.0 = Debug|Win32
		{22941814-5A50-40D6-9FD3-4C19184C768D}.Release|Win32.ActiveCfg = Release|Win32
		{22941814-5A50-40D6-9FD3-4C19184C768D}.Release|Win32.Build.0 = Release|Win32
		{22941814-5A50-40D6-9FD3-4C19184C768D}.Release|Win32.Deploy.0 = Release|Win32
		{B7B0BCDF-2702-44FD-9D0B-35A26BC69B69}.Debug|Win32.ActiveCfg = Debug|Win32
		{B7B0BCDF-2702-44FD-9D0B-35A26BC69B69}.Debug|Win32.Build.0 = Debug|Win32
		{B7B0BCDF-2702-44FD-9D0B-35A26BC69B69}.Debug|Win32.Deploy.0 = Debug|Win32
		{B7B0BCDF-2702-44FD-9D0B-35A26BC69B69}.Release|Win32.ActiveCfg = Release|Win32
		{B7B0BCDF-2702-44FD-9D0B-35A26BC69B69}.Release|Win32.Build.0 = Release|Win32
		{B7B0BCDF-2702-44FD-9D0B-35A26BC69B69}.Release|Win32.Deploy.0 = Release|Win32
		{A2DDBAAB-BEC4-4A5A-A7BE-10C5C78E1AEA}.Debug|Win32.ActiveCfg = Debug|Win32
		{A2DDBAAB-BEC4-4A5A-A7BE-10C5C78E1AEA}.Debug|Win32.Build.0 = Debug|Win32
		{A2DDBAAB-BEC4-4A5A-A7BE-10C5C78E1AEA}.Debug|Win32.Deploy.0 = Debug|Win32
		{A2DDBAAB-BEC4-4A5A-A7BE-10C5C78E1AEA}.Release|Win32.ActiveCfg = Release|Win32
		{A2DDBAAB-BEC4-4A5A-A7BE-10C5C78E1AEA}.Release|Win32.Build.0 = Release|Win32
		{A2DDBAAB-BEC4-4A5A-A7BE-10C5C78E1AEA}.Release|Win32.Deploy.0 = Release|Win32
		{3BC8C81F-5CE1-4682-BCAF-37AB1C495A25}.Debug|Win32.ActiveCfg = Debug|Win32
		{3BC8C81F-5CE1-4682-BCAF-37AB1C495A25}.Debug|Win32.Build.0 = Debug|Win32
		{3BC8C81F-5CE1-4682-BCAF-37AB1C495A25}.Debug|Win32.Deploy.0 = Debug|Win32
		{3BC8C81F-5CE1-4682-BCAF-37AB1C495A25}.Release|Win32.ActiveCfg = Release|Win32
		{3BC8C81F-5CE1-4682-BCAF-37AB1C495A25}.Release|Win32.Build.0 = Release|Win32
		{3BC8C81F-5CE1-4682-BCAF-37AB1C495A25}.Release|Win32.Deploy.0 = Release|Win32
		{7BCEE3F2-FBBA-4094-ACA1-F5CD04FB0859}.Debug|Win32.ActiveCfg = Debug|Win32
		{7BCEE3F2-FBBA-4094-ACA1-F5CD04FB0859}.Debug|Win32.Build.0 = Debug|Win32
		{7BCEE3F2-FBBA-4094-ACA1-F5CD04FB0859}.Debug|Win32.Deploy.0 = Debug|Win32
		{7BCEE3F2-FBBA-4094-ACA1-F5CD04FB0859}.Release|Win32.ActiveCfg = Release|Win32
		{7BCEE3F2-FBBA-4094-ACA1-F5CD04FB0859}.Release|Win32.Build.0 = Release|Win32
		{7BCEE3F2-FBBA-4094-ACA1-F5CD04FB0859}.Release|Win32.Deploy.0 = Release|Win32
		{FE97416D-CFF6-4447-966F-4111AA750D15}.Debug|Win32.ActiveCfg = Debug|Win32
		{FE97416D-CFF6-4447-966F-4111AA750D15}.Debug|Win32.Build.0 = Debug|Win32
		{FE97416D-CFF6-4447-966F-4111AA750D15}.Debug|Win32.Deploy.0 = Debug|Win32
		{FE97416D-CFF6-4447-966F-4111AA750D15}.Release|Win32.ActiveCfg = Release|Win32
		{FE97416D-CFF6-4447-966F-4111AA750D15}.Release|Win32.Build.0 = Release|Win32
		{FE97416D-CFF6-4447-966F-4111AA750D15}.Release|Win32.Deploy.0 = Release|Win32
		{CDE8A087-43EB-4F3D-9A08-FB0BB982B28F}.Debug|Win32.ActiveCfg = Debug|Win32
		{CDE8A087-43EB-4F3D-9A08-FB0BB982B28F}.Debug|Win32.Build.0 = Debug|Win32
		{CDE8A087-43EB-4F3D-9A08-FB0BB982B28F}.Debug|Win32.Deploy.0 = Debug|Win32
		{CDE8A087-43EB-4F3D-9A08-FB0BB982B28F}.Release|Win32.ActiveCfg = Release|Win32
		{CDE8A087-43EB-4F3D-9A08-FB0BB982B28F}.Release|Win32.Build.0 = Release|Win32
		{CDE8A087-43EB-4F3D-9A08-FB0BB982B28F}.Release|Win32.Deploy.0 = Release|Win32
		{ED340F12-4074-4F99-8380-049F4FBF1874}.Debug|Win32.ActiveCfg = Debug|Win32
		{ED340F12-4074-4F99-8380-049F4FBF1874}.Debug|Win32.Build.0 = Debug|Win32
		{ED340F12-4074-4F99-8380-049F4FBF1874}.Debug|Win32.Deploy.0 = Debug|Win32
		{ED340F12-4074-4F99-8380-049F4FBF1874}.Release|Win32.ActiveCfg = Release|Win32
		{ED340F12-4074-4F99-8380-049F4FBF1874}.Release|Win32.Build.0 = Release|Win32
		{ED340F12-4074-4F99-8380-049F4FBF1874}.Release|Win32.Deploy.0 = Release|Win32
		{6658C1FA-B63F-41C7-8D2E-3898BA61A04D}.Debug|Win32.ActiveCfg = Debug|Win32
		{6658C1FA-B63F-41C7-8D2E-3898BA61A04D}.Debug|Win32.Build.0 = Debug|Win32
		{6658C1FA-B63F-41C7-8D2E-3898BA61A04D}.Debug|Win32.Deploy.0 = Debug|Win32
		{6658C1FA-B63F-41C7-8D2E-3898BA61A04D}.Release|Win32.ActiveCfg = Release|Win32
		{6658C1FA-B63F-41C7-8D2E-3898BA61A04D}.Release|Win32.Build.0 = Release|Win32
		{6658C1FA-B63F-41C7-8D2E-3898BA61A04D}.Release|Win32.Deploy.0 = Release|Win32
		{CCCB5CA3-43FC-4061-81A7-824142F2AD14}.Debug|Win32.ActiveCfg = Debug|Win32
		{CCCB5CA3-43FC-4061-81A7-824142F2AD14}.Debug|Win32.Build.0 = Debug|Win32
		{CCCB5CA3-43FC-4061-81A7-824142F2AD14}.Debug|Win32.Deploy.0 = Debug|Win32
		{CCCB5CA3-43FC-4061-81A7-824142F2AD14}.Release|Win32.ActiveCfg = Release|Win32
		{CCCB5CA3-43FC-4061-81A7-824142F2AD14}.Release|Win32.Build.0 = Release|Win32
		{CCCB5CA3-43FC-4061-81A7-824142F2AD14}.Release|Win32.Deploy.0 = Release|Win32
		{F42E9B85-38ED-4B9E-8A9E-FA0034FA06B1}.Debug|Win32.ActiveCfg = Debug|Win32
		{F42E9B85-38ED-4B9E-8A9E-FA0034FA06B1}.Debug|Win32.Build.0 = Debug|Win32
		{F42E9B85-38ED-4B9E-8A9E-FA0034FA06B1}.Debug|Win32.Deploy.0 = Debug|Win32
		{F42E9B85-38ED-4B9E-8A9E-FA0034FA06B1}.Release|Win32.ActiveCfg = Release|Win32
		{F42E9B85-38ED-4B9E-8A9E-FA0034FA06B1}.Release|Win32.Build.0 = Release|Win32
		{F42E9B85-38ED-4B9E-8A9E-FA0034FA06B1}.Release|Win32.Deploy.0 = Release|Win32
		{56C7F138-DC8E-4B5C-8F15-8D4141EA972A}.Debug|Win32.ActiveCfg = Debug|Win32
		{56C7F138-DC8E-4B5C-8F15-8D4141EA972A}.Debug|Win32.Build.0 = Debug|Win32
		{56C7F138-DC8E-4B5C-8F15-8D4141EA972A}.Debug|Win32.Deploy.0 = Debug|Win32
		{56C7F138-DC8E-4B5C-8F15-8D4141EA972A}.Release|Win32.ActiveCfg = Release|Win32
		{56C7F138-DC8E-4B5C-8F15-8D4141EA972A}.Release|Win32.Build.0 = Release|Win32
		{56C7F138-DC8E-4B5C-8F15-8D4141EA972A}.Release|Win32.Deploy.0 = Release|Win32
		{4338815C-5D77-40E6-9464-74E2C127EF3A}.Debug|Win32.ActiveCfg = Debug|Win32
		{4338815C-5D77-40E6-9464-74E2C127EF3A}.Debug|Win32.Build.0 = Debug|Win32
		{4338815C-5D77-40E6-9464-74E2C127EF3A}.Debug|Win32.Deploy.0 = Debug|Win32
		{4338815C-5D77-40E6-9464-74E2C127EF3A}.Release|Win32.ActiveCfg = Release|Win32
		{4338815C-5D77-40E6-9464-74E2C127EF3A}.Release|Win32.Build.0 = Release|Win32
		{4338815C-5D77-40E6-9464-74E2C127EF3A}.Release|Win32.Deploy.0 = Release|Win32
		{AAFE00F1-4979-4CF7-8B97-5309760B538E}.Debug|Win32.ActiveCfg = Debug|Win32
		{AAFE00F1-4979-4CF7-8B97-5309760B538E}.Debug|Win32.Build.0 = Debug|Win32
		{AAFE00F1-4979-4CF7-8B97-5309760B538E}.Debug|Win32.Deploy.0 = Debug|Win32
		{AAFE00F1-4979-4CF7-8B97-5309760B538E}.Release|Win32.ActiveCfg = Release|Win32
		{AAFE00F1-4979-4CF7-8B97-5309760B538E}.Release|Win32.Build.0 = Release|Win32
		{AAFE00F1-4979-4CF7-8B97-5309760B538E}.Release|Win32.Deploy.0 = Release|Win32
	EndGlobalSection
	GlobalSection(SolutionProperties) = preSolution
		HideSolutionNode = FALSE
	EndGlobalSection
EndGlobal
