Microsoft Visual Studio Solution File, Format Version 12.00
# Visual Studio 2012
Project("{8BC9CEB8-8B4A-11D0-8D11-00A0C91BC942}") = "fasta-redux-generic", "fasta-redux-generic\fasta-redux-generic.vcxproj", "{50ADFA47-F328-4C4C-82AC-3577CD236F1A}"
EndProject
Project("{8BC9CEB8-8B4A-11D0-8D11-00A0C91BC942}") = "fasta-redux-optimized", "fasta-redux-optimized\fasta-redux-optimized.vcxproj", "{22941814-5A50-40D6-9FD3-4C19184C768D}"
EndProject
Global
	GlobalSection(SolutionConfigurationPlatforms) = preSolution
		Debug|Win32 = Debug|Win32
		Release|Win32 = Release|Win32
	EndGlobalSection
	GlobalSection(ProjectConfigurationPlatforms) = postSolution
		{50ADFA47-F328-4C4C-82AC-3577CD236F1A}.Debug|Win32.ActiveCfg = Debug|Win32
		{50ADFA47-F328-4C4C-82AC-3577CD236F1A}.Debug|Win32.Build.0 = Debug|Win32
		{50ADFA47-F328-4C4C-82AC-3577CD236F1A}.Debug|Win32.Deploy.0 = Debug|Win32
		{50ADFA47-F328-4C4C-82AC-3577CD236F1A}.Release|Win32.ActiveCfg = Release|Win32
		{50ADFA47-F328-4C4C-82AC-3577CD236F1A}.Release|Win32.Build.0 = Release|Win32
		{50ADFA47-F328-4C4C-82AC-3577CD236F1A}.Release|Win32.Deploy.0 = Release|Win32
		{22941814-5A50-40D6-9FD3-4C19184C768D}.Debug|Win32.ActiveCfg = Debug|Win32
		{22941814-5A50-40D6-9FD3-4C19184C768D}.Debug|Win32.Build.0 = Debug|Win32
		{22941814-5A50-40D6-9FD3-4C19184C768D}.Debug|Win32.Deploy.0 = Debug|Win32
		{22941814-5A50-40D6-9FD3-4C19184C768D}.Release|Win32.ActiveCfg = Release|Win32
		{22941814-5A50-40D6-9FD3-4C19184C768D}.Release|Win32.Build.0 = Release|Win32
		{22941814-5A50-40D6-9FD3-4C19184C768D}.Release|Win32.Deploy.0 = Release|Win32
	EndGlobalSection
	GlobalSection(SolutionProperties) = preSolution
		HideSolutionNode = FALSE
	EndGlobalSection
EndGlobal
